
Microsoft Visual Studio Solution File, Format Version 12.00
# Visual Studio Version 16
VisualStudioVersion = 16.0.29920.165
MinimumVisualStudioVersion = 10.0.40219.1
Project("{8BC9CEB8-8B4A-11D0-8D11-00A0C91BC942}") = "Lab1", "Lab1\Lab1.vcxproj", "{CB619A69-1F53-4D5D-A397-A16AB697D94A}"
EndProject
Global
	GlobalSection(SolutionConfigurationPlatforms) = preSolution
		Debug|x64 = Debug|x64
		Debug|x86 = Debug|x86
		Release|x64 = Release|x64
		Release|x86 = Release|x86
	EndGlobalSection
	GlobalSection(ProjectConfigurationPlatforms) = postSolution
		{CB619A69-1F53-4D5D-A397-A16AB697D94A}.Debug|x64.ActiveCfg = Debug|x64
		{CB619A69-1F53-4D5D-A397-A16AB697D94A}.Debug|x64.Build.0 = Debug|x64
		{CB619A69-1F53-4D5D-A397-A16AB697D94A}.Debug|x86.ActiveCfg = Debug|Win32
		{CB619A69-1F53-4D5D-A397-A16AB697D94A}.Debug|x86.Build.0 = Debug|Win32
		{CB619A69-1F53-4D5D-A397-A16AB697D94A}.Release|x64.ActiveCfg = Release|x64
		{CB619A69-1F53-4D5D-A397-A16AB697D94A}.Release|x64.Build.0 = Release|x64
		{CB619A69-1F53-4D5D-A397-A16AB697D94A}.Release|x86.ActiveCfg = Release|Win32
		{CB619A69-1F53-4D5D-A397-A16AB697D94A}.Release|x86.Build.0 = Release|Win32
	EndGlobalSection
	GlobalSection(SolutionProperties) = preSolution
		HideSolutionNode = FALSE
	EndGlobalSection
	GlobalSection(ExtensibilityGlobals) = postSolution
		SolutionGuid = {FC5FFF13-4640-43B8-99B6-DCE86BD6DEE4}
	EndGlobalSection
EndGlobal
